
Microsoft Visual Studio Solution File, Format Version 12.00
# Visual Studio Version 16
VisualStudioVersion = 16.0.31313.79
MinimumVisualStudioVersion = 10.0.40219.1
Project("{FAE04EC0-301F-11D3-BF4B-00C04F79EFBC}") = "Sistema", "Formulario\Sistema.csproj", "{92B2CC71-AB8E-45B2-8516-197FC4086154}"
EndProject
Global
	GlobalSection(SolutionConfigurationPlatforms) = preSolution
		Debug|Any CPU = Debug|Any CPU
		Release|Any CPU = Release|Any CPU
	EndGlobalSection
	GlobalSection(ProjectConfigurationPlatforms) = postSolution
		{92B2CC71-AB8E-45B2-8516-197FC4086154}.Debug|Any CPU.ActiveCfg = Debug|Any CPU
		{92B2CC71-AB8E-45B2-8516-197FC4086154}.Debug|Any CPU.Build.0 = Debug|Any CPU
		{92B2CC71-AB8E-45B2-8516-197FC4086154}.Release|Any CPU.ActiveCfg = Release|Any CPU
		{92B2CC71-AB8E-45B2-8516-197FC4086154}.Release|Any CPU.Build.0 = Release|Any CPU
	EndGlobalSection
	GlobalSection(SolutionProperties) = preSolution
		HideSolutionNode = FALSE
	EndGlobalSection
	GlobalSection(ExtensibilityGlobals) = postSolution
		SolutionGuid = {728884CC-4858-4A09-9DDF-79A7ED0C52DA}
	EndGlobalSection
EndGlobal
